
Microsoft Visual Studio Solution File, Format Version 12.00
# Visual Studio Express 2013 for Web
VisualStudioVersion = 12.0.21005.1
MinimumVisualStudioVersion = 10.0.40219.1
Project("{2150E333-8FDC-42A3-9474-1A3956D46DE8}") = "WS.WolverSoft.ApplicationService", "WS.WolverSoft.ApplicationService", "{BAB96BC8-A211-4A38-A6DC-04EBFB9AA031}"
EndProject
Project("{2150E333-8FDC-42A3-9474-1A3956D46DE8}") = "WS.WolverSoft.ViewModels", "WS.WolverSoft.ViewModels", "{09AA61BA-E189-485B-83D2-61D6693154A7}"
EndProject
Project("{2150E333-8FDC-42A3-9474-1A3956D46DE8}") = "WS.WolverSoft.Web", "WS.WolverSoft.Web", "{9541EDB4-B639-477D-8E21-80854A26984A}"
EndProject
Project("{FAE04EC0-301F-11D3-BF4B-00C04F79EFBC}") = "WS.WolverSoft.ApplicationService", "WS.WolverSoft.ApplicationService\WS.WolverSoft.ApplicationService.csproj", "{37897A9B-A7AD-44AA-A157-4A5E0073D098}"
EndProject
Project("{FAE04EC0-301F-11D3-BF4B-00C04F79EFBC}") = "WS.WolverSoft.ViewModels", "WS.WolverSoft.ViewModels\WS.WolverSoft.ViewModels.csproj", "{726BF7A1-6261-4341-B7E9-F8E2BB36A6D5}"
EndProject
Project("{FAE04EC0-301F-11D3-BF4B-00C04F79EFBC}") = "WS.WolverSoft.Web", "WS.WolverSoft.Web\WS.WolverSoft.Web.csproj", "{D9158D96-9B73-4526-9C22-9B88336098BA}"
EndProject
Global
	GlobalSection(SolutionConfigurationPlatforms) = preSolution
		Debug|Any CPU = Debug|Any CPU
		Release|Any CPU = Release|Any CPU
	EndGlobalSection
	GlobalSection(ProjectConfigurationPlatforms) = postSolution
		{37897A9B-A7AD-44AA-A157-4A5E0073D098}.Debug|Any CPU.ActiveCfg = Debug|Any CPU
		{37897A9B-A7AD-44AA-A157-4A5E0073D098}.Debug|Any CPU.Build.0 = Debug|Any CPU
		{37897A9B-A7AD-44AA-A157-4A5E0073D098}.Release|Any CPU.ActiveCfg = Release|Any CPU
		{37897A9B-A7AD-44AA-A157-4A5E0073D098}.Release|Any CPU.Build.0 = Release|Any CPU
		{726BF7A1-6261-4341-B7E9-F8E2BB36A6D5}.Debug|Any CPU.ActiveCfg = Debug|Any CPU
		{726BF7A1-6261-4341-B7E9-F8E2BB36A6D5}.Debug|Any CPU.Build.0 = Debug|Any CPU
		{726BF7A1-6261-4341-B7E9-F8E2BB36A6D5}.Release|Any CPU.ActiveCfg = Release|Any CPU
		{726BF7A1-6261-4341-B7E9-F8E2BB36A6D5}.Release|Any CPU.Build.0 = Release|Any CPU
		{D9158D96-9B73-4526-9C22-9B88336098BA}.Debug|Any CPU.ActiveCfg = Debug|Any CPU
		{D9158D96-9B73-4526-9C22-9B88336098BA}.Debug|Any CPU.Build.0 = Debug|Any CPU
		{D9158D96-9B73-4526-9C22-9B88336098BA}.Release|Any CPU.ActiveCfg = Release|Any CPU
		{D9158D96-9B73-4526-9C22-9B88336098BA}.Release|Any CPU.Build.0 = Release|Any CPU
	EndGlobalSection
	GlobalSection(SolutionProperties) = preSolution
		HideSolutionNode = FALSE
	EndGlobalSection
	GlobalSection(NestedProjects) = preSolution
		{37897A9B-A7AD-44AA-A157-4A5E0073D098} = {BAB96BC8-A211-4A38-A6DC-04EBFB9AA031}
		{726BF7A1-6261-4341-B7E9-F8E2BB36A6D5} = {09AA61BA-E189-485B-83D2-61D6693154A7}
		{D9158D96-9B73-4526-9C22-9B88336098BA} = {9541EDB4-B639-477D-8E21-80854A26984A}
	EndGlobalSection
EndGlobal
